
Microsoft Visual Studio Solution File, Format Version 12.00
# Visual Studio Version 17
VisualStudioVersion = 17.2.32630.192
MinimumVisualStudioVersion = 10.0.40219.1
Project("{FAE04EC0-301F-11D3-BF4B-00C04F79EFBC}") = "GeometricExchangeRate", "GeometricExchangeRate\GeometricExchangeRate.csproj", "{C1EF8AA4-940F-484A-B0DE-364B1749B5D7}"
EndProject
Project("{2150E333-8FDC-42A3-9474-1A3956D46DE8}") = "Src", "Src", "{67287F57-CBB9-4946-A039-DA4831B8C42B}"
EndProject
Project("{2150E333-8FDC-42A3-9474-1A3956D46DE8}") = "Core", "Core", "{F4D235C9-EADE-42BE-AA26-2C1D4B400BA5}"
EndProject
Project("{2150E333-8FDC-42A3-9474-1A3956D46DE8}") = "Infrastructure", "Infrastructure", "{E5241CF8-E116-48A2-ADCD-1EF94047D790}"
EndProject
Project("{2150E333-8FDC-42A3-9474-1A3956D46DE8}") = "Api", "Api", "{11D4310C-F73B-463C-8FD9-D6E51B4A0D48}"
EndProject
Project("{FAE04EC0-301F-11D3-BF4B-00C04F79EFBC}") = "Aplication", "Aplication\Aplication.csproj", "{AF0C9F7F-D9F2-4722-91F5-ADBB09402038}"
EndProject
Project("{FAE04EC0-301F-11D3-BF4B-00C04F79EFBC}") = "Common", "Common\Common.csproj", "{11E2F991-C4DE-43E6-B106-CAEAC36F93EA}"
EndProject
Project("{FAE04EC0-301F-11D3-BF4B-00C04F79EFBC}") = "ExternalApiProvider", "ExternalApiProvider\ExternalApiProvider.csproj", "{280F088E-B600-4D36-9A19-79BB3B20453B}"
EndProject
Project("{FAE04EC0-301F-11D3-BF4B-00C04F79EFBC}") = "Domain", "Domain\Domain.csproj", "{42230C98-F9C7-4BD8-A877-42D6AC4FA23F}"
EndProject
Global
	GlobalSection(SolutionConfigurationPlatforms) = preSolution
		Debug|Any CPU = Debug|Any CPU
		Release|Any CPU = Release|Any CPU
	EndGlobalSection
	GlobalSection(ProjectConfigurationPlatforms) = postSolution
		{C1EF8AA4-940F-484A-B0DE-364B1749B5D7}.Debug|Any CPU.ActiveCfg = Debug|Any CPU
		{C1EF8AA4-940F-484A-B0DE-364B1749B5D7}.Debug|Any CPU.Build.0 = Debug|Any CPU
		{C1EF8AA4-940F-484A-B0DE-364B1749B5D7}.Release|Any CPU.ActiveCfg = Release|Any CPU
		{C1EF8AA4-940F-484A-B0DE-364B1749B5D7}.Release|Any CPU.Build.0 = Release|Any CPU
		{AF0C9F7F-D9F2-4722-91F5-ADBB09402038}.Debug|Any CPU.ActiveCfg = Debug|Any CPU
		{AF0C9F7F-D9F2-4722-91F5-ADBB09402038}.Debug|Any CPU.Build.0 = Debug|Any CPU
		{AF0C9F7F-D9F2-4722-91F5-ADBB09402038}.Release|Any CPU.ActiveCfg = Release|Any CPU
		{AF0C9F7F-D9F2-4722-91F5-ADBB09402038}.Release|Any CPU.Build.0 = Release|Any CPU
		{11E2F991-C4DE-43E6-B106-CAEAC36F93EA}.Debug|Any CPU.ActiveCfg = Debug|Any CPU
		{11E2F991-C4DE-43E6-B106-CAEAC36F93EA}.Debug|Any CPU.Build.0 = Debug|Any CPU
		{11E2F991-C4DE-43E6-B106-CAEAC36F93EA}.Release|Any CPU.ActiveCfg = Release|Any CPU
		{11E2F991-C4DE-43E6-B106-CAEAC36F93EA}.Release|Any CPU.Build.0 = Release|Any CPU
		{280F088E-B600-4D36-9A19-79BB3B20453B}.Debug|Any CPU.ActiveCfg = Debug|Any CPU
		{280F088E-B600-4D36-9A19-79BB3B20453B}.Debug|Any CPU.Build.0 = Debug|Any CPU
		{280F088E-B600-4D36-9A19-79BB3B20453B}.Release|Any CPU.ActiveCfg = Release|Any CPU
		{280F088E-B600-4D36-9A19-79BB3B20453B}.Release|Any CPU.Build.0 = Release|Any CPU
		{42230C98-F9C7-4BD8-A877-42D6AC4FA23F}.Debug|Any CPU.ActiveCfg = Debug|Any CPU
		{42230C98-F9C7-4BD8-A877-42D6AC4FA23F}.Debug|Any CPU.Build.0 = Debug|Any CPU
		{42230C98-F9C7-4BD8-A877-42D6AC4FA23F}.Release|Any CPU.ActiveCfg = Release|Any CPU
		{42230C98-F9C7-4BD8-A877-42D6AC4FA23F}.Release|Any CPU.Build.0 = Release|Any CPU
	EndGlobalSection
	GlobalSection(SolutionProperties) = preSolution
		HideSolutionNode = FALSE
	EndGlobalSection
	GlobalSection(NestedProjects) = preSolution
		{C1EF8AA4-940F-484A-B0DE-364B1749B5D7} = {11D4310C-F73B-463C-8FD9-D6E51B4A0D48}
		{F4D235C9-EADE-42BE-AA26-2C1D4B400BA5} = {67287F57-CBB9-4946-A039-DA4831B8C42B}
		{E5241CF8-E116-48A2-ADCD-1EF94047D790} = {67287F57-CBB9-4946-A039-DA4831B8C42B}
		{11D4310C-F73B-463C-8FD9-D6E51B4A0D48} = {67287F57-CBB9-4946-A039-DA4831B8C42B}
		{AF0C9F7F-D9F2-4722-91F5-ADBB09402038} = {F4D235C9-EADE-42BE-AA26-2C1D4B400BA5}
		{11E2F991-C4DE-43E6-B106-CAEAC36F93EA} = {F4D235C9-EADE-42BE-AA26-2C1D4B400BA5}
		{280F088E-B600-4D36-9A19-79BB3B20453B} = {E5241CF8-E116-48A2-ADCD-1EF94047D790}
		{42230C98-F9C7-4BD8-A877-42D6AC4FA23F} = {F4D235C9-EADE-42BE-AA26-2C1D4B400BA5}
	EndGlobalSection
	GlobalSection(ExtensibilityGlobals) = postSolution
		SolutionGuid = {AF12B680-D017-4474-B7C5-CF5A0050C56E}
	EndGlobalSection
EndGlobal
